
Microsoft Visual Studio Solution File, Format Version 12.00
# Visual Studio 15
VisualStudioVersion = 15.0.28010.2019
MinimumVisualStudioVersion = 10.0.40219.1
Project("{FAE04EC0-301F-11D3-BF4B-00C04F79EFBC}") = "WebApiReal", "WebApiReal\WebApiReal.csproj", "{EFB7346A-722D-40B6-987C-1971A04F4D25}"
EndProject
Global
	GlobalSection(SolutionConfigurationPlatforms) = preSolution
		Debug|Any CPU = Debug|Any CPU
		Release|Any CPU = Release|Any CPU
	EndGlobalSection
	GlobalSection(ProjectConfigurationPlatforms) = postSolution
		{EFB7346A-722D-40B6-987C-1971A04F4D25}.Debug|Any CPU.ActiveCfg = Debug|Any CPU
		{EFB7346A-722D-40B6-987C-1971A04F4D25}.Debug|Any CPU.Build.0 = Debug|Any CPU
		{EFB7346A-722D-40B6-987C-1971A04F4D25}.Release|Any CPU.ActiveCfg = Release|Any CPU
		{EFB7346A-722D-40B6-987C-1971A04F4D25}.Release|Any CPU.Build.0 = Release|Any CPU
	EndGlobalSection
	GlobalSection(SolutionProperties) = preSolution
		HideSolutionNode = FALSE
	EndGlobalSection
	GlobalSection(ExtensibilityGlobals) = postSolution
		SolutionGuid = {CE354356-AC40-499D-ADCB-3AE01E3D6063}
	EndGlobalSection
EndGlobal
